# THIS IS AN AUTOGENERATED FILE. DO NOT EDIT THIS FILE DIRECTLY.
# yarn lockfile v1


ckeditor4@^4.19:
  version "4.19.0"
  resolved "https://registry.yarnpkg.com/ckeditor4/-/ckeditor4-4.19.0.tgz#eba0af7e3e044e1f14d914ff53a128cd8d09e8a0"
  integrity sha512-hh+SslqHmqr9xmcUVMgdmWjO4tdxW+Lzd6jfxDzzjf6zwIFIoNSflgCqUvg2wcry4w0dHgdEoxVMdoJK9E7kUw==
